# This file is generated by running "yarn install" inside your project.
# Manual changes might be lost - proceed with caution!

__metadata:
  version: 6
  cacheKey: 8

"@efebia/env-loader@workspace:packages/env-loader":
  version: 0.0.0-use.local
  resolution: "@efebia/env-loader@workspace:packages/env-loader"
  languageName: unknown
  linkType: soft

"@efebia/fastify-auto-import@workspace:packages/auto-import":
  version: 0.0.0-use.local
  resolution: "@efebia/fastify-auto-import@workspace:packages/auto-import"
  languageName: unknown
  linkType: soft

"@efebia/fastify-rapidoc@workspace:packages/fastify-rapidoc":
  version: 0.0.0-use.local
  resolution: "@efebia/fastify-rapidoc@workspace:packages/fastify-rapidoc"
  languageName: unknown
  linkType: soft

"@efebia/fastify-reply@workspace:packages/fastify-reply":
  version: 0.0.0-use.local
  resolution: "@efebia/fastify-reply@workspace:packages/fastify-reply"
  languageName: unknown
  linkType: soft

"@efebia/hardhat-compile-monorepo@workspace:packages/hardhat-compile-monorepo":
  version: 0.0.0-use.local
  resolution: "@efebia/hardhat-compile-monorepo@workspace:packages/hardhat-compile-monorepo"
  languageName: unknown
  linkType: soft

"@efebia/pino-mongodb@workspace:packages/pino-mongodb":
  version: 0.0.0-use.local
  resolution: "@efebia/pino-mongodb@workspace:packages/pino-mongodb"
  languageName: unknown
  linkType: soft

"@efebia/sqs-queue@workspace:packages/sqs-queue":
  version: 0.0.0-use.local
  resolution: "@efebia/sqs-queue@workspace:packages/sqs-queue"
  languageName: unknown
  linkType: soft

"efebia-libs@workspace:.":
  version: 0.0.0-use.local
  resolution: "efebia-libs@workspace:."
  dependencies:
    typescript: ^4.9.4
  languageName: unknown
  linkType: soft

"typescript@npm:^4.9.4":
  version: 4.9.4
  resolution: "typescript@npm:4.9.4"
  bin:
    tsc: bin/tsc
    tsserver: bin/tsserver
  checksum: e782fb9e0031cb258a80000f6c13530288c6d63f1177ed43f770533fdc15740d271554cdae86701c1dd2c83b082cea808b07e97fd68b38a172a83dbf9e0d0ef9
  languageName: node
  linkType: hard

"typescript@patch:typescript@^4.9.4#~builtin<compat/typescript>":
  version: 4.9.4
  resolution: "typescript@patch:typescript@npm%3A4.9.4#~builtin<compat/typescript>::version=4.9.4&hash=ad5954"
  bin:
    tsc: bin/tsc
    tsserver: bin/tsserver
  checksum: 1caaea6cb7f813e64345190fddc4e6c924d0b698ab81189b503763c4a18f7f5501c69362979d36e19c042d89d936443e768a78b0675690b35eb663d19e0eae71
  languageName: node
  linkType: hard
