# This file is generated by running "yarn install" inside your project.
# Manual changes might be lost - proceed with caution!

__metadata:
  version: 6
  cacheKey: 8

"@efebia/env-loader@workspace:packages/env-loader":
  version: 0.0.0-use.local
  resolution: "@efebia/env-loader@workspace:packages/env-loader"
  languageName: unknown
  linkType: soft

"@efebia/fastify-auto-import@workspace:packages/auto-import":
  version: 0.0.0-use.local
  resolution: "@efebia/fastify-auto-import@workspace:packages/auto-import"
  dependencies:
    "@types/node": ^18.11.18
    fastify-plugin: ^4.4.0
    pino: ^8.8.0
    pkg-up: ^4.0.0
  languageName: unknown
  linkType: soft

"@efebia/fastify-rapidoc@workspace:packages/fastify-rapidoc":
  version: 0.0.0-use.local
  resolution: "@efebia/fastify-rapidoc@workspace:packages/fastify-rapidoc"
  languageName: unknown
  linkType: soft

"@efebia/fastify-reply@workspace:packages/fastify-reply":
  version: 0.0.0-use.local
  resolution: "@efebia/fastify-reply@workspace:packages/fastify-reply"
  languageName: unknown
  linkType: soft

"@efebia/hardhat-compile-monorepo@workspace:packages/hardhat-compile-monorepo":
  version: 0.0.0-use.local
  resolution: "@efebia/hardhat-compile-monorepo@workspace:packages/hardhat-compile-monorepo"
  languageName: unknown
  linkType: soft

"@efebia/pino-mongodb@workspace:packages/pino-mongodb":
  version: 0.0.0-use.local
  resolution: "@efebia/pino-mongodb@workspace:packages/pino-mongodb"
  languageName: unknown
  linkType: soft

"@efebia/sqs-queue@workspace:packages/sqs-queue":
  version: 0.0.0-use.local
  resolution: "@efebia/sqs-queue@workspace:packages/sqs-queue"
  languageName: unknown
  linkType: soft

"@types/node@npm:^18.11.18":
  version: 18.11.18
  resolution: "@types/node@npm:18.11.18"
  checksum: 03f17f9480f8d775c8a72da5ea7e9383db5f6d85aa5fefde90dd953a1449bd5e4ffde376f139da4f3744b4c83942166d2a7603969a6f8ea826edfb16e6e3b49d
  languageName: node
  linkType: hard

"abort-controller@npm:^3.0.0":
  version: 3.0.0
  resolution: "abort-controller@npm:3.0.0"
  dependencies:
    event-target-shim: ^5.0.0
  checksum: 170bdba9b47b7e65906a28c8ce4f38a7a369d78e2271706f020849c1bfe0ee2067d4261df8bbb66eb84f79208fd5b710df759d64191db58cfba7ce8ef9c54b75
  languageName: node
  linkType: hard

"atomic-sleep@npm:^1.0.0":
  version: 1.0.0
  resolution: "atomic-sleep@npm:1.0.0"
  checksum: b95275afb2f80732f22f43a60178430c468906a415a7ff18bcd0feeebc8eec3930b51250aeda91a476062a90e07132b43a1794e8d8ffcf9b650e8139be75fa36
  languageName: node
  linkType: hard

"base64-js@npm:^1.3.1":
  version: 1.5.1
  resolution: "base64-js@npm:1.5.1"
  checksum: 669632eb3745404c2f822a18fc3a0122d2f9a7a13f7fb8b5823ee19d1d2ff9ee5b52c53367176ea4ad093c332fd5ab4bd0ebae5a8e27917a4105a4cfc86b1005
  languageName: node
  linkType: hard

"buffer@npm:^6.0.3":
  version: 6.0.3
  resolution: "buffer@npm:6.0.3"
  dependencies:
    base64-js: ^1.3.1
    ieee754: ^1.2.1
  checksum: 5ad23293d9a731e4318e420025800b42bf0d264004c0286c8cc010af7a270c7a0f6522e84f54b9ad65cbd6db20b8badbfd8d2ebf4f80fa03dab093b89e68c3f9
  languageName: node
  linkType: hard

"efebia-libs@workspace:.":
  version: 0.0.0-use.local
  resolution: "efebia-libs@workspace:."
  dependencies:
    typescript: ^4.9.4
  languageName: unknown
  linkType: soft

"event-target-shim@npm:^5.0.0":
  version: 5.0.1
  resolution: "event-target-shim@npm:5.0.1"
  checksum: 1ffe3bb22a6d51bdeb6bf6f7cf97d2ff4a74b017ad12284cc9e6a279e727dc30a5de6bb613e5596ff4dc3e517841339ad09a7eec44266eccb1aa201a30448166
  languageName: node
  linkType: hard

"events@npm:^3.3.0":
  version: 3.3.0
  resolution: "events@npm:3.3.0"
  checksum: f6f487ad2198aa41d878fa31452f1a3c00958f46e9019286ff4787c84aac329332ab45c9cdc8c445928fc6d7ded294b9e005a7fce9426488518017831b272780
  languageName: node
  linkType: hard

"fast-redact@npm:^3.1.1":
  version: 3.1.2
  resolution: "fast-redact@npm:3.1.2"
  checksum: a30eb6b6830333ab213e0def55f46453ca777544dbd3a883016cb590a0eeb95e6fdf546553c1a13d509896bfba889b789991160a6d0996ceb19fce0a02e8b753
  languageName: node
  linkType: hard

"fastify-plugin@npm:^4.4.0":
  version: 4.4.0
  resolution: "fastify-plugin@npm:4.4.0"
  checksum: f61d6620a24e8c3c9e67305fffe5570d4c0580477fc0f11fd9397b3e11e2b28ea0873e80d2774fee3ad9d70a81a07a83cb0da61e92afc70f6c50bbb3fb91335d
  languageName: node
  linkType: hard

"find-up@npm:^6.2.0":
  version: 6.3.0
  resolution: "find-up@npm:6.3.0"
  dependencies:
    locate-path: ^7.1.0
    path-exists: ^5.0.0
  checksum: 9a21b7f9244a420e54c6df95b4f6fc3941efd3c3e5476f8274eb452f6a85706e7a6a90de71353ee4f091fcb4593271a6f92810a324ec542650398f928783c280
  languageName: node
  linkType: hard

"ieee754@npm:^1.2.1":
  version: 1.2.1
  resolution: "ieee754@npm:1.2.1"
  checksum: 5144c0c9815e54ada181d80a0b810221a253562422e7c6c3a60b1901154184f49326ec239d618c416c1c5945a2e197107aee8d986a3dd836b53dffefd99b5e7e
  languageName: node
  linkType: hard

"locate-path@npm:^7.1.0":
  version: 7.1.1
  resolution: "locate-path@npm:7.1.1"
  dependencies:
    p-locate: ^6.0.0
  checksum: 1d88af5b512d6e6398026252e17382907126683ab09ae5d6b8918d0bc72ca2642e1ad6e2fe635c5920840e369618e5d748c08deb57ba537fdd3f78e87ca993e0
  languageName: node
  linkType: hard

"on-exit-leak-free@npm:^2.1.0":
  version: 2.1.0
  resolution: "on-exit-leak-free@npm:2.1.0"
  checksum: 7334d98b87b0c89c9b69c747760b21196ff35afdedc4eaf1a0a3a02964463d7f6802481b120e4c8298967c74773ca7b914ab2eb3d9b279010eb7f67ac4960eed
  languageName: node
  linkType: hard

"p-limit@npm:^4.0.0":
  version: 4.0.0
  resolution: "p-limit@npm:4.0.0"
  dependencies:
    yocto-queue: ^1.0.0
  checksum: 01d9d70695187788f984226e16c903475ec6a947ee7b21948d6f597bed788e3112cc7ec2e171c1d37125057a5f45f3da21d8653e04a3a793589e12e9e80e756b
  languageName: node
  linkType: hard

"p-locate@npm:^6.0.0":
  version: 6.0.0
  resolution: "p-locate@npm:6.0.0"
  dependencies:
    p-limit: ^4.0.0
  checksum: 2bfe5234efa5e7a4e74b30a5479a193fdd9236f8f6b4d2f3f69e3d286d9a7d7ab0c118a2a50142efcf4e41625def635bd9332d6cbf9cc65d85eb0718c579ab38
  languageName: node
  linkType: hard

"path-exists@npm:^5.0.0":
  version: 5.0.0
  resolution: "path-exists@npm:5.0.0"
  checksum: 8ca842868cab09423994596eb2c5ec2a971c17d1a3cb36dbf060592c730c725cd524b9067d7d2a1e031fef9ba7bd2ac6dc5ec9fb92aa693265f7be3987045254
  languageName: node
  linkType: hard

"pino-abstract-transport@npm:v1.0.0":
  version: 1.0.0
  resolution: "pino-abstract-transport@npm:1.0.0"
  dependencies:
    readable-stream: ^4.0.0
    split2: ^4.0.0
  checksum: 05dd0eda52dd99fd204b39fe7b62656744b63e863bc052cdd5105d25f226a236966d0a46e39a1ace4838f6e988c608837ff946d2d0bc92835ca7baa0a3bff8d8
  languageName: node
  linkType: hard

"pino-std-serializers@npm:^6.0.0":
  version: 6.1.0
  resolution: "pino-std-serializers@npm:6.1.0"
  checksum: 5e42327c242b67c1a38fe7be1b64c5f655aa7116b159899f09f3ef057302055a23c99c54590e18da4b6b76557487e3b9478a89889cea8cbd3e0cc16c3dc154a5
  languageName: node
  linkType: hard

"pino@npm:^8.8.0":
  version: 8.8.0
  resolution: "pino@npm:8.8.0"
  dependencies:
    atomic-sleep: ^1.0.0
    fast-redact: ^3.1.1
    on-exit-leak-free: ^2.1.0
    pino-abstract-transport: v1.0.0
    pino-std-serializers: ^6.0.0
    process-warning: ^2.0.0
    quick-format-unescaped: ^4.0.3
    real-require: ^0.2.0
    safe-stable-stringify: ^2.3.1
    sonic-boom: ^3.1.0
    thread-stream: ^2.0.0
  bin:
    pino: bin.js
  checksum: 69256469221b332776333069d637100053eb15dc7baa3f95897d7864bf2e6fd99f15cfd9cfc94b56e7b00da2e6b349c49affcff1abaca9a3d4b7ba63ff86b4f0
  languageName: node
  linkType: hard

"pkg-up@npm:^4.0.0":
  version: 4.0.0
  resolution: "pkg-up@npm:4.0.0"
  dependencies:
    find-up: ^6.2.0
  checksum: c21fe318917fd384750a44699e915eae4005971f39b8b498e736035f6887fd48b6a7a169375607d2df89798a1a3ad73d7b3d0dedd4ebef8c3ec434364eedc452
  languageName: node
  linkType: hard

"process-warning@npm:^2.0.0":
  version: 2.1.0
  resolution: "process-warning@npm:2.1.0"
  checksum: 2f22a3b8ec0de018c3a35e5945a2261c006aa3dfecf3d4f7aa323bc57e4fcdedfd566003283708547fde666d3ab7097d70f8d9765cd831d300723e4008adb7ab
  languageName: node
  linkType: hard

"process@npm:^0.11.10":
  version: 0.11.10
  resolution: "process@npm:0.11.10"
  checksum: bfcce49814f7d172a6e6a14d5fa3ac92cc3d0c3b9feb1279774708a719e19acd673995226351a082a9ae99978254e320ccda4240ddc474ba31a76c79491ca7c3
  languageName: node
  linkType: hard

"quick-format-unescaped@npm:^4.0.3":
  version: 4.0.4
  resolution: "quick-format-unescaped@npm:4.0.4"
  checksum: 7bc32b99354a1aa46c089d2a82b63489961002bb1d654cee3e6d2d8778197b68c2d854fd23d8422436ee1fdfd0abaddc4d4da120afe700ade68bd357815b26fd
  languageName: node
  linkType: hard

"readable-stream@npm:^4.0.0":
  version: 4.3.0
  resolution: "readable-stream@npm:4.3.0"
  dependencies:
    abort-controller: ^3.0.0
    buffer: ^6.0.3
    events: ^3.3.0
    process: ^0.11.10
  checksum: 5f8d5fc1eb0c6eb47771ad4537881126d6280666e1f10ba1e2262a670a0352c36f59e6a04d17c9a6f7c888218984836dc67f55e95a77de8bfdf06fb75f00f670
  languageName: node
  linkType: hard

"real-require@npm:^0.2.0":
  version: 0.2.0
  resolution: "real-require@npm:0.2.0"
  checksum: fa060f19f2f447adf678d1376928c76379dce5f72bd334da301685ca6cdcb7b11356813332cc243c88470796bc2e2b1e2917fc10df9143dd93c2ea608694971d
  languageName: node
  linkType: hard

"safe-stable-stringify@npm:^2.3.1":
  version: 2.4.2
  resolution: "safe-stable-stringify@npm:2.4.2"
  checksum: 0324ba2e40f78cae63e31a02b1c9bdf1b786621f9e8760845608eb9e81aef401944ac2078e5c9c1533cf516aea34d08fa8052ca853637ced84b791caaf1e394e
  languageName: node
  linkType: hard

"sonic-boom@npm:^3.1.0":
  version: 3.2.1
  resolution: "sonic-boom@npm:3.2.1"
  dependencies:
    atomic-sleep: ^1.0.0
  checksum: 674d0af31c67818c99a0956482720b853bdaa6e46a63814db9fd28024580836a4cfdafa2c2ba6b0ec08449e9a92a5e7959530689b2c1fb5c83f786708cd7a7da
  languageName: node
  linkType: hard

"split2@npm:^4.0.0":
  version: 4.1.0
  resolution: "split2@npm:4.1.0"
  checksum: ec581597cb74c13cdfb5e2047543dd40cb1e8e9803c7b1e0c29ede05f2b4f049b2d6e7f2788a225d544549375719658b8f38e9366364dec35dc7a12edfda5ee5
  languageName: node
  linkType: hard

"thread-stream@npm:^2.0.0":
  version: 2.2.0
  resolution: "thread-stream@npm:2.2.0"
  dependencies:
    real-require: ^0.2.0
  checksum: b7f0ee166ed17ac54700a0b6fc291967c97785b458ff54efe5431a7281bb52d1163e6ec550a614f2a47f0f02de5b35a342bd5acd215af23030938c64859152b2
  languageName: node
  linkType: hard

"typescript@npm:^4.9.4":
  version: 4.9.4
  resolution: "typescript@npm:4.9.4"
  bin:
    tsc: bin/tsc
    tsserver: bin/tsserver
  checksum: e782fb9e0031cb258a80000f6c13530288c6d63f1177ed43f770533fdc15740d271554cdae86701c1dd2c83b082cea808b07e97fd68b38a172a83dbf9e0d0ef9
  languageName: node
  linkType: hard

"typescript@patch:typescript@^4.9.4#~builtin<compat/typescript>":
  version: 4.9.4
  resolution: "typescript@patch:typescript@npm%3A4.9.4#~builtin<compat/typescript>::version=4.9.4&hash=ad5954"
  bin:
    tsc: bin/tsc
    tsserver: bin/tsserver
  checksum: 1caaea6cb7f813e64345190fddc4e6c924d0b698ab81189b503763c4a18f7f5501c69362979d36e19c042d89d936443e768a78b0675690b35eb663d19e0eae71
  languageName: node
  linkType: hard

"yocto-queue@npm:^1.0.0":
  version: 1.0.0
  resolution: "yocto-queue@npm:1.0.0"
  checksum: 2cac84540f65c64ccc1683c267edce396b26b1e931aa429660aefac8fbe0188167b7aee815a3c22fa59a28a58d898d1a2b1825048f834d8d629f4c2a5d443801
  languageName: node
  linkType: hard
